
Microsoft Visual Studio Solution File, Format Version 12.00
# Visual Studio Version 17
VisualStudioVersion = 17.8.34525.116
MinimumVisualStudioVersion = 10.0.40219.1
Project("{8BC9CEB8-8B4A-11D0-8D11-00A0C91BC942}") = "Library", "Library\Library.vcxproj", "{3CCD2D73-E56A-4B53-9E11-C906FB7B2D85}"
	ProjectSection(ProjectDependencies) = postProject
		{0405085A-FF8E-4671-98E0-22FBE9279744} = {0405085A-FF8E-4671-98E0-22FBE9279744}
		{1A6001A4-2E81-4CFB-86F3-E1FE1B4A5991} = {1A6001A4-2E81-4CFB-86F3-E1FE1B4A5991}
	EndProjectSection
EndProject
Project("{8BC9CEB8-8B4A-11D0-8D11-00A0C91BC942}") = "CRT", "CRT\CRT.vcxproj", "{0405085A-FF8E-4671-98E0-22FBE9279744}"
	ProjectSection(ProjectDependencies) = postProject
		{1A6001A4-2E81-4CFB-86F3-E1FE1B4A5991} = {1A6001A4-2E81-4CFB-86F3-E1FE1B4A5991}
	EndProjectSection
EndProject
Project("{8BC9CEB8-8B4A-11D0-8D11-00A0C91BC942}") = "NTDef", "NTDef\NTDef.vcxproj", "{1A6001A4-2E81-4CFB-86F3-E1FE1B4A5991}"
EndProject
Project("{8BC9CEB8-8B4A-11D0-8D11-00A0C91BC942}") = "Test", "Test\Test.vcxproj", "{F3193D48-C867-4BEF-A2AD-88F134C2AB87}"
	ProjectSection(ProjectDependencies) = postProject
		{0405085A-FF8E-4671-98E0-22FBE9279744} = {0405085A-FF8E-4671-98E0-22FBE9279744}
		{1A6001A4-2E81-4CFB-86F3-E1FE1B4A5991} = {1A6001A4-2E81-4CFB-86F3-E1FE1B4A5991}
		{3CCD2D73-E56A-4B53-9E11-C906FB7B2D85} = {3CCD2D73-E56A-4B53-9E11-C906FB7B2D85}
	EndProjectSection
EndProject
Global
	GlobalSection(SolutionConfigurationPlatforms) = preSolution
		Debug|ARM64 = Debug|ARM64
		Debug|x64 = Debug|x64
		Debug|x86 = Debug|x86
		Release|ARM64 = Release|ARM64
		Release|x64 = Release|x64
		Release|x86 = Release|x86
	EndGlobalSection
	GlobalSection(ProjectConfigurationPlatforms) = postSolution
		{3CCD2D73-E56A-4B53-9E11-C906FB7B2D85}.Debug|ARM64.ActiveCfg = Debug|ARM64
		{3CCD2D73-E56A-4B53-9E11-C906FB7B2D85}.Debug|ARM64.Build.0 = Debug|ARM64
		{3CCD2D73-E56A-4B53-9E11-C906FB7B2D85}.Debug|x64.ActiveCfg = Debug|x64
		{3CCD2D73-E56A-4B53-9E11-C906FB7B2D85}.Debug|x64.Build.0 = Debug|x64
		{3CCD2D73-E56A-4B53-9E11-C906FB7B2D85}.Debug|x86.ActiveCfg = Debug|Win32
		{3CCD2D73-E56A-4B53-9E11-C906FB7B2D85}.Debug|x86.Build.0 = Debug|Win32
		{3CCD2D73-E56A-4B53-9E11-C906FB7B2D85}.Release|ARM64.ActiveCfg = Release|ARM64
		{3CCD2D73-E56A-4B53-9E11-C906FB7B2D85}.Release|ARM64.Build.0 = Release|ARM64
		{3CCD2D73-E56A-4B53-9E11-C906FB7B2D85}.Release|x64.ActiveCfg = Release|x64
		{3CCD2D73-E56A-4B53-9E11-C906FB7B2D85}.Release|x64.Build.0 = Release|x64
		{3CCD2D73-E56A-4B53-9E11-C906FB7B2D85}.Release|x86.ActiveCfg = Release|Win32
		{3CCD2D73-E56A-4B53-9E11-C906FB7B2D85}.Release|x86.Build.0 = Release|Win32
		{0405085A-FF8E-4671-98E0-22FBE9279744}.Debug|ARM64.ActiveCfg = Debug|ARM64
		{0405085A-FF8E-4671-98E0-22FBE9279744}.Debug|ARM64.Build.0 = Debug|ARM64
		{0405085A-FF8E-4671-98E0-22FBE9279744}.Debug|x64.ActiveCfg = Debug|x64
		{0405085A-FF8E-4671-98E0-22FBE9279744}.Debug|x64.Build.0 = Debug|x64
		{0405085A-FF8E-4671-98E0-22FBE9279744}.Debug|x86.ActiveCfg = Debug|Win32
		{0405085A-FF8E-4671-98E0-22FBE9279744}.Debug|x86.Build.0 = Debug|Win32
		{0405085A-FF8E-4671-98E0-22FBE9279744}.Release|ARM64.ActiveCfg = Release|ARM64
		{0405085A-FF8E-4671-98E0-22FBE9279744}.Release|ARM64.Build.0 = Release|ARM64
		{0405085A-FF8E-4671-98E0-22FBE9279744}.Release|x64.ActiveCfg = Release|x64
		{0405085A-FF8E-4671-98E0-22FBE9279744}.Release|x64.Build.0 = Release|x64
		{0405085A-FF8E-4671-98E0-22FBE9279744}.Release|x86.ActiveCfg = Release|Win32
		{0405085A-FF8E-4671-98E0-22FBE9279744}.Release|x86.Build.0 = Release|Win32
		{1A6001A4-2E81-4CFB-86F3-E1FE1B4A5991}.Debug|ARM64.ActiveCfg = Debug|ARM64
		{1A6001A4-2E81-4CFB-86F3-E1FE1B4A5991}.Debug|ARM64.Build.0 = Debug|ARM64
		{1A6001A4-2E81-4CFB-86F3-E1FE1B4A5991}.Debug|x64.ActiveCfg = Debug|x64
		{1A6001A4-2E81-4CFB-86F3-E1FE1B4A5991}.Debug|x64.Build.0 = Debug|x64
		{1A6001A4-2E81-4CFB-86F3-E1FE1B4A5991}.Debug|x86.ActiveCfg = Debug|Win32
		{1A6001A4-2E81-4CFB-86F3-E1FE1B4A5991}.Debug|x86.Build.0 = Debug|Win32
		{1A6001A4-2E81-4CFB-86F3-E1FE1B4A5991}.Release|ARM64.ActiveCfg = Release|ARM64
		{1A6001A4-2E81-4CFB-86F3-E1FE1B4A5991}.Release|ARM64.Build.0 = Release|ARM64
		{1A6001A4-2E81-4CFB-86F3-E1FE1B4A5991}.Release|x64.ActiveCfg = Release|x64
		{1A6001A4-2E81-4CFB-86F3-E1FE1B4A5991}.Release|x64.Build.0 = Release|x64
		{1A6001A4-2E81-4CFB-86F3-E1FE1B4A5991}.Release|x86.ActiveCfg = Release|Win32
		{1A6001A4-2E81-4CFB-86F3-E1FE1B4A5991}.Release|x86.Build.0 = Release|Win32
		{F3193D48-C867-4BEF-A2AD-88F134C2AB87}.Debug|ARM64.ActiveCfg = Debug|ARM64
		{F3193D48-C867-4BEF-A2AD-88F134C2AB87}.Debug|ARM64.Build.0 = Debug|ARM64
		{F3193D48-C867-4BEF-A2AD-88F134C2AB87}.Debug|x64.ActiveCfg = Debug|x64
		{F3193D48-C867-4BEF-A2AD-88F134C2AB87}.Debug|x64.Build.0 = Debug|x64
		{F3193D48-C867-4BEF-A2AD-88F134C2AB87}.Debug|x86.ActiveCfg = Debug|Win32
		{F3193D48-C867-4BEF-A2AD-88F134C2AB87}.Debug|x86.Build.0 = Debug|Win32
		{F3193D48-C867-4BEF-A2AD-88F134C2AB87}.Release|ARM64.ActiveCfg = Release|ARM64
		{F3193D48-C867-4BEF-A2AD-88F134C2AB87}.Release|ARM64.Build.0 = Release|ARM64
		{F3193D48-C867-4BEF-A2AD-88F134C2AB87}.Release|x64.ActiveCfg = Release|x64
		{F3193D48-C867-4BEF-A2AD-88F134C2AB87}.Release|x64.Build.0 = Release|x64
		{F3193D48-C867-4BEF-A2AD-88F134C2AB87}.Release|x86.ActiveCfg = Release|Win32
		{F3193D48-C867-4BEF-A2AD-88F134C2AB87}.Release|x86.Build.0 = Release|Win32
	EndGlobalSection
	GlobalSection(SolutionProperties) = preSolution
		HideSolutionNode = FALSE
	EndGlobalSection
	GlobalSection(ExtensibilityGlobals) = postSolution
		SolutionGuid = {0B5FC0EB-F92F-4965-B099-5F86149212B8}
	EndGlobalSection
EndGlobal
